
Microsoft Visual Studio Solution File, Format Version 12.00
# Visual Studio 15
VisualStudioVersion = 15.0.28307.705
MinimumVisualStudioVersion = 10.0.40219.1
Project("{FAE04EC0-301F-11D3-BF4B-00C04F79EFBC}") = "BookShop", "BookShop\BookShop.csproj", "{90D314C9-ED35-4729-BFB8-9512A712F1D6}"
EndProject
Global
	GlobalSection(SolutionConfigurationPlatforms) = preSolution
		Debug|Any CPU = Debug|Any CPU
		Release|Any CPU = Release|Any CPU
	EndGlobalSection
	GlobalSection(ProjectConfigurationPlatforms) = postSolution
		{90D314C9-ED35-4729-BFB8-9512A712F1D6}.Debug|Any CPU.ActiveCfg = Debug|Any CPU
		{90D314C9-ED35-4729-BFB8-9512A712F1D6}.Debug|Any CPU.Build.0 = Debug|Any CPU
		{90D314C9-ED35-4729-BFB8-9512A712F1D6}.Release|Any CPU.ActiveCfg = Release|Any CPU
		{90D314C9-ED35-4729-BFB8-9512A712F1D6}.Release|Any CPU.Build.0 = Release|Any CPU
	EndGlobalSection
	GlobalSection(SolutionProperties) = preSolution
		HideSolutionNode = FALSE
	EndGlobalSection
	GlobalSection(ExtensibilityGlobals) = postSolution
		SolutionGuid = {65C69C19-0011-4857-8262-DD1B440CCFBF}
	EndGlobalSection
EndGlobal
